// !$*UTF8*$!
{
	archiveVersion = 1;
	classes = {
	};
	objectVersion = 46;
	objects = {

/* Begin PBXBuildFile section */
		D52D0F5ABAE08B2060C0E673 /* Pods_MacrosManageriOS.framework in Frameworks */ = {isa = PBXBuildFile; fileRef = 2E7612BF53D07C445AAD950C /* Pods_MacrosManageriOS.framework */; };
		DB08E8DB1F51C7F7007EC05D /* AppDelegate.swift in Sources */ = {isa = PBXBuildFile; fileRef = DB08E8DA1F51C7F7007EC05D /* AppDelegate.swift */; };
		DB08E8DD1F51C7F7007EC05D /* DailyIntakeViewController.swift in Sources */ = {isa = PBXBuildFile; fileRef = DB08E8DC1F51C7F7007EC05D /* DailyIntakeViewController.swift */; };
		DB08E8E01F51C7F7007EC05D /* Main.storyboard in Resources */ = {isa = PBXBuildFile; fileRef = DB08E8DE1F51C7F7007EC05D /* Main.storyboard */; };
		DB08E8E21F51C7F7007EC05D /* Assets.xcassets in Resources */ = {isa = PBXBuildFile; fileRef = DB08E8E11F51C7F7007EC05D /* Assets.xcassets */; };
		DB08E8E51F51C7F7007EC05D /* LaunchScreen.storyboard in Resources */ = {isa = PBXBuildFile; fileRef = DB08E8E31F51C7F7007EC05D /* LaunchScreen.storyboard */; };
		DB92742B1F7EB7E700165DF0 /* CalculatorViewController.swift in Sources */ = {isa = PBXBuildFile; fileRef = DB92742A1F7EB7E700165DF0 /* CalculatorViewController.swift */; };
		DBAAF9B2219D036E00539A5E /* SignUpViewController.swift in Sources */ = {isa = PBXBuildFile; fileRef = DBAAF9B1219D036E00539A5E /* SignUpViewController.swift */; };
		DBAB1BD4204E018B0016FFD1 /* DailyIntakeCollectionViewCell.swift in Sources */ = {isa = PBXBuildFile; fileRef = DBAB1BD3204E018B0016FFD1 /* DailyIntakeCollectionViewCell.swift */; };
		DBAB1BD6204F4E7D0016FFD1 /* DailyFoodTableViewCell.swift in Sources */ = {isa = PBXBuildFile; fileRef = DBAB1BD5204F4E7D0016FFD1 /* DailyFoodTableViewCell.swift */; };
		DBB7C2C81F547B010039E7C5 /* SettingsViewController.swift in Sources */ = {isa = PBXBuildFile; fileRef = DBB7C2C71F547B010039E7C5 /* SettingsViewController.swift */; };
		DBB7C2CA1F55B7830039E7C5 /* GenderTableViewController.swift in Sources */ = {isa = PBXBuildFile; fileRef = DBB7C2C91F55B7830039E7C5 /* GenderTableViewController.swift */; };
		DBB7C2CC1F55C6C30039E7C5 /* WeightMeasurementTableView.swift in Sources */ = {isa = PBXBuildFile; fileRef = DBB7C2CB1F55C6C30039E7C5 /* WeightMeasurementTableView.swift */; };
		DBB7C2CE1F55D8830039E7C5 /* HeightMeasurementTableView.swift in Sources */ = {isa = PBXBuildFile; fileRef = DBB7C2CD1F55D8830039E7C5 /* HeightMeasurementTableView.swift */; };
		DBC9E72A1F7EA5250020FD72 /* BirthDatePickerViewController.swift in Sources */ = {isa = PBXBuildFile; fileRef = DBC9E7291F7EA5250020FD72 /* BirthDatePickerViewController.swift */; };
		DBDC1CC71F968093003FE3DD /* DailyActivityTableViewController.swift in Sources */ = {isa = PBXBuildFile; fileRef = DBDC1CC61F968093003FE3DD /* DailyActivityTableViewController.swift */; };
		DBDC1CC91F9680B0003FE3DD /* PhysicalActivityLifestyleTableViewController.swift in Sources */ = {isa = PBXBuildFile; fileRef = DBDC1CC81F9680B0003FE3DD /* PhysicalActivityLifestyleTableViewController.swift */; };
		DBDC1CCB1F9680BF003FE3DD /* GoalTableViewController.swift in Sources */ = {isa = PBXBuildFile; fileRef = DBDC1CCA1F9680BF003FE3DD /* GoalTableViewController.swift */; };
		DBE7029A20587BA100C91F69 /* AddFoodViewController.swift in Sources */ = {isa = PBXBuildFile; fileRef = DBE7029920587BA100C91F69 /* AddFoodViewController.swift */; };
/* End PBXBuildFile section */

/* Begin PBXFileReference section */
		2E7612BF53D07C445AAD950C /* Pods_MacrosManageriOS.framework */ = {isa = PBXFileReference; explicitFileType = wrapper.framework; includeInIndex = 0; path = Pods_MacrosManageriOS.framework; sourceTree = BUILT_PRODUCTS_DIR; };
		98CC9C2E75BC7DFD52C68E5D /* Pods-MacrosManageriOS.debug.xcconfig */ = {isa = PBXFileReference; includeInIndex = 1; lastKnownFileType = text.xcconfig; name = "Pods-MacrosManageriOS.debug.xcconfig"; path = "Pods/Target Support Files/Pods-MacrosManageriOS/Pods-MacrosManageriOS.debug.xcconfig"; sourceTree = "<group>"; };
		DB08E8D71F51C7F7007EC05D /* MacrosManageriOS.app */ = {isa = PBXFileReference; explicitFileType = wrapper.application; includeInIndex = 0; path = MacrosManageriOS.app; sourceTree = BUILT_PRODUCTS_DIR; };
		DB08E8DA1F51C7F7007EC05D /* AppDelegate.swift */ = {isa = PBXFileReference; lastKnownFileType = sourcecode.swift; path = AppDelegate.swift; sourceTree = "<group>"; };
		DB08E8DC1F51C7F7007EC05D /* DailyIntakeViewController.swift */ = {isa = PBXFileReference; lastKnownFileType = sourcecode.swift; path = DailyIntakeViewController.swift; sourceTree = "<group>"; };
		DB08E8DF1F51C7F7007EC05D /* Base */ = {isa = PBXFileReference; lastKnownFileType = file.storyboard; name = Base; path = Base.lproj/Main.storyboard; sourceTree = "<group>"; };
		DB08E8E11F51C7F7007EC05D /* Assets.xcassets */ = {isa = PBXFileReference; lastKnownFileType = folder.assetcatalog; path = Assets.xcassets; sourceTree = "<group>"; };
		DB08E8E41F51C7F7007EC05D /* Base */ = {isa = PBXFileReference; lastKnownFileType = file.storyboard; name = Base; path = Base.lproj/LaunchScreen.storyboard; sourceTree = "<group>"; };
		DB08E8E61F51C7F7007EC05D /* Info.plist */ = {isa = PBXFileReference; lastKnownFileType = text.plist.xml; path = Info.plist; sourceTree = "<group>"; };
		DB92742A1F7EB7E700165DF0 /* CalculatorViewController.swift */ = {isa = PBXFileReference; lastKnownFileType = sourcecode.swift; path = CalculatorViewController.swift; sourceTree = "<group>"; };
		DBAAF9B1219D036E00539A5E /* SignUpViewController.swift */ = {isa = PBXFileReference; lastKnownFileType = sourcecode.swift; path = SignUpViewController.swift; sourceTree = "<group>"; };
		DBAB1BD3204E018B0016FFD1 /* DailyIntakeCollectionViewCell.swift */ = {isa = PBXFileReference; lastKnownFileType = sourcecode.swift; path = DailyIntakeCollectionViewCell.swift; sourceTree = "<group>"; };
		DBAB1BD5204F4E7D0016FFD1 /* DailyFoodTableViewCell.swift */ = {isa = PBXFileReference; lastKnownFileType = sourcecode.swift; path = DailyFoodTableViewCell.swift; sourceTree = "<group>"; };
		DBB7C2C71F547B010039E7C5 /* SettingsViewController.swift */ = {isa = PBXFileReference; fileEncoding = 4; lastKnownFileType = sourcecode.swift; path = SettingsViewController.swift; sourceTree = "<group>"; };
		DBB7C2C91F55B7830039E7C5 /* GenderTableViewController.swift */ = {isa = PBXFileReference; fileEncoding = 4; lastKnownFileType = sourcecode.swift; path = GenderTableViewController.swift; sourceTree = "<group>"; };
		DBB7C2CB1F55C6C30039E7C5 /* WeightMeasurementTableView.swift */ = {isa = PBXFileReference; fileEncoding = 4; lastKnownFileType = sourcecode.swift; path = WeightMeasurementTableView.swift; sourceTree = "<group>"; };
		DBB7C2CD1F55D8830039E7C5 /* HeightMeasurementTableView.swift */ = {isa = PBXFileReference; fileEncoding = 4; lastKnownFileType = sourcecode.swift; path = HeightMeasurementTableView.swift; sourceTree = "<group>"; };
		DBC9E7291F7EA5250020FD72 /* BirthDatePickerViewController.swift */ = {isa = PBXFileReference; lastKnownFileType = sourcecode.swift; path = BirthDatePickerViewController.swift; sourceTree = "<group>"; };
		DBDC1CC61F968093003FE3DD /* DailyActivityTableViewController.swift */ = {isa = PBXFileReference; lastKnownFileType = sourcecode.swift; path = DailyActivityTableViewController.swift; sourceTree = "<group>"; };
		DBDC1CC81F9680B0003FE3DD /* PhysicalActivityLifestyleTableViewController.swift */ = {isa = PBXFileReference; lastKnownFileType = sourcecode.swift; path = PhysicalActivityLifestyleTableViewController.swift; sourceTree = "<group>"; };
		DBDC1CCA1F9680BF003FE3DD /* GoalTableViewController.swift */ = {isa = PBXFileReference; lastKnownFileType = sourcecode.swift; path = GoalTableViewController.swift; sourceTree = "<group>"; };
		DBE7029920587BA100C91F69 /* AddFoodViewController.swift */ = {isa = PBXFileReference; lastKnownFileType = sourcecode.swift; path = AddFoodViewController.swift; sourceTree = "<group>"; };
		EF6FE98D313E91EF24A7E2F6 /* Pods-MacrosManageriOS.release.xcconfig */ = {isa = PBXFileReference; includeInIndex = 1; lastKnownFileType = text.xcconfig; name = "Pods-MacrosManageriOS.release.xcconfig"; path = "Pods/Target Support Files/Pods-MacrosManageriOS/Pods-MacrosManageriOS.release.xcconfig"; sourceTree = "<group>"; };
/* End PBXFileReference section */

/* Begin PBXFrameworksBuildPhase section */
		DB08E8D41F51C7F7007EC05D /* Frameworks */ = {
			isa = PBXFrameworksBuildPhase;
			buildActionMask = 2147483647;
			files = (
				D52D0F5ABAE08B2060C0E673 /* Pods_MacrosManageriOS.framework in Frameworks */,
			);
			runOnlyForDeploymentPostprocessing = 0;
		};
/* End PBXFrameworksBuildPhase section */

/* Begin PBXGroup section */
		CA4D99F88BF7633E2AE87AC6 /* Frameworks */ = {
			isa = PBXGroup;
			children = (
				2E7612BF53D07C445AAD950C /* Pods_MacrosManageriOS.framework */,
			);
			name = Frameworks;
			sourceTree = "<group>";
		};
		DB08E8CE1F51C7F7007EC05D = {
			isa = PBXGroup;
			children = (
				DB08E8D91F51C7F7007EC05D /* MacrosManageriOS */,
				DB08E8D81F51C7F7007EC05D /* Products */,
				DDE252C370EA22673BF9D82B /* Pods */,
				CA4D99F88BF7633E2AE87AC6 /* Frameworks */,
			);
			sourceTree = "<group>";
		};
		DB08E8D81F51C7F7007EC05D /* Products */ = {
			isa = PBXGroup;
			children = (
				DB08E8D71F51C7F7007EC05D /* MacrosManageriOS.app */,
			);
			name = Products;
			sourceTree = "<group>";
		};
		DB08E8D91F51C7F7007EC05D /* MacrosManageriOS */ = {
			isa = PBXGroup;
			children = (
				DB08E8DA1F51C7F7007EC05D /* AppDelegate.swift */,
				DB08E8DC1F51C7F7007EC05D /* DailyIntakeViewController.swift */,
				DB08E8DE1F51C7F7007EC05D /* Main.storyboard */,
				DB08E8E11F51C7F7007EC05D /* Assets.xcassets */,
				DB08E8E31F51C7F7007EC05D /* LaunchScreen.storyboard */,
				DB08E8E61F51C7F7007EC05D /* Info.plist */,
				DBB7C2C71F547B010039E7C5 /* SettingsViewController.swift */,
				DBB7C2C91F55B7830039E7C5 /* GenderTableViewController.swift */,
				DBB7C2CB1F55C6C30039E7C5 /* WeightMeasurementTableView.swift */,
				DBB7C2CD1F55D8830039E7C5 /* HeightMeasurementTableView.swift */,
				DBC9E7291F7EA5250020FD72 /* BirthDatePickerViewController.swift */,
				DB92742A1F7EB7E700165DF0 /* CalculatorViewController.swift */,
				DBDC1CC61F968093003FE3DD /* DailyActivityTableViewController.swift */,
				DBDC1CC81F9680B0003FE3DD /* PhysicalActivityLifestyleTableViewController.swift */,
				DBDC1CCA1F9680BF003FE3DD /* GoalTableViewController.swift */,
				DBAB1BD3204E018B0016FFD1 /* DailyIntakeCollectionViewCell.swift */,
				DBAB1BD5204F4E7D0016FFD1 /* DailyFoodTableViewCell.swift */,
				DBE7029920587BA100C91F69 /* AddFoodViewController.swift */,
				DBAAF9B1219D036E00539A5E /* SignUpViewController.swift */,
			);
			path = MacrosManageriOS;
			sourceTree = "<group>";
		};
		DDE252C370EA22673BF9D82B /* Pods */ = {
			isa = PBXGroup;
			children = (
				98CC9C2E75BC7DFD52C68E5D /* Pods-MacrosManageriOS.debug.xcconfig */,
				EF6FE98D313E91EF24A7E2F6 /* Pods-MacrosManageriOS.release.xcconfig */,
			);
			name = Pods;
			sourceTree = "<group>";
		};
/* End PBXGroup section */

/* Begin PBXNativeTarget section */
		DB08E8D61F51C7F7007EC05D /* MacrosManageriOS */ = {
			isa = PBXNativeTarget;
			buildConfigurationList = DB08E8E91F51C7F7007EC05D /* Build configuration list for PBXNativeTarget "MacrosManageriOS" */;
			buildPhases = (
				74981EF5FA84A996C2554F51 /* [CP] Check Pods Manifest.lock */,
				DB08E8D31F51C7F7007EC05D /* Sources */,
				DB08E8D41F51C7F7007EC05D /* Frameworks */,
				DB08E8D51F51C7F7007EC05D /* Resources */,
				FE781C248A1F3E881A31FDF7 /* [CP] Embed Pods Frameworks */,
				5FE1DC7B4FAD194F73C4AA72 /* [CP] Copy Pods Resources */,
			);
			buildRules = (
			);
			dependencies = (
			);
			name = MacrosManageriOS;
			productName = MacrosManageriOS;
			productReference = DB08E8D71F51C7F7007EC05D /* MacrosManageriOS.app */;
			productType = "com.apple.product-type.application";
		};
/* End PBXNativeTarget section */

/* Begin PBXProject section */
		DB08E8CF1F51C7F7007EC05D /* Project object */ = {
			isa = PBXProject;
			attributes = {
				LastSwiftUpdateCheck = 0830;
				LastUpgradeCheck = 0900;
				ORGANIZATIONNAME = "Mykal Cuin";
				TargetAttributes = {
					DB08E8D61F51C7F7007EC05D = {
						CreatedOnToolsVersion = 8.3.3;
						DevelopmentTeam = VG3AW43EZ3;
						LastSwiftMigration = 0900;
						ProvisioningStyle = Automatic;
					};
				};
			};
			buildConfigurationList = DB08E8D21F51C7F7007EC05D /* Build configuration list for PBXProject "MacrosManageriOS" */;
			compatibilityVersion = "Xcode 3.2";
			developmentRegion = English;
			hasScannedForEncodings = 0;
			knownRegions = (
				en,
				Base,
			);
			mainGroup = DB08E8CE1F51C7F7007EC05D;
			productRefGroup = DB08E8D81F51C7F7007EC05D /* Products */;
			projectDirPath = "";
			projectRoot = "";
			targets = (
				DB08E8D61F51C7F7007EC05D /* MacrosManageriOS */,
			);
		};
/* End PBXProject section */

/* Begin PBXResourcesBuildPhase section */
		DB08E8D51F51C7F7007EC05D /* Resources */ = {
			isa = PBXResourcesBuildPhase;
			buildActionMask = 2147483647;
			files = (
				DB08E8E51F51C7F7007EC05D /* LaunchScreen.storyboard in Resources */,
				DB08E8E21F51C7F7007EC05D /* Assets.xcassets in Resources */,
				DB08E8E01F51C7F7007EC05D /* Main.storyboard in Resources */,
			);
			runOnlyForDeploymentPostprocessing = 0;
		};
/* End PBXResourcesBuildPhase section */

/* Begin PBXShellScriptBuildPhase section */
		5FE1DC7B4FAD194F73C4AA72 /* [CP] Copy Pods Resources */ = {
			isa = PBXShellScriptBuildPhase;
			buildActionMask = 2147483647;
			files = (
			);
			inputPaths = (
			);
			name = "[CP] Copy Pods Resources";
			outputPaths = (
			);
			runOnlyForDeploymentPostprocessing = 0;
			shellPath = /bin/sh;
			shellScript = "\"${SRCROOT}/Pods/Target Support Files/Pods-MacrosManageriOS/Pods-MacrosManageriOS-resources.sh\"\n";
			showEnvVarsInLog = 0;
		};
		74981EF5FA84A996C2554F51 /* [CP] Check Pods Manifest.lock */ = {
			isa = PBXShellScriptBuildPhase;
			buildActionMask = 2147483647;
			files = (
			);
			inputPaths = (
				"${PODS_PODFILE_DIR_PATH}/Podfile.lock",
				"${PODS_ROOT}/Manifest.lock",
			);
			name = "[CP] Check Pods Manifest.lock";
			outputPaths = (
				"$(DERIVED_FILE_DIR)/Pods-MacrosManageriOS-checkManifestLockResult.txt",
			);
			runOnlyForDeploymentPostprocessing = 0;
			shellPath = /bin/sh;
			shellScript = "diff \"${PODS_PODFILE_DIR_PATH}/Podfile.lock\" \"${PODS_ROOT}/Manifest.lock\" > /dev/null\nif [ $? != 0 ] ; then\n    # print error to STDERR\n    echo \"error: The sandbox is not in sync with the Podfile.lock. Run 'pod install' or update your CocoaPods installation.\" >&2\n    exit 1\nfi\n# This output is used by Xcode 'outputs' to avoid re-running this script phase.\necho \"SUCCESS\" > \"${SCRIPT_OUTPUT_FILE_0}\"\n";
			showEnvVarsInLog = 0;
		};
		FE781C248A1F3E881A31FDF7 /* [CP] Embed Pods Frameworks */ = {
			isa = PBXShellScriptBuildPhase;
			buildActionMask = 2147483647;
			files = (
			);
			inputPaths = (
			);
			name = "[CP] Embed Pods Frameworks";
			outputPaths = (
			);
			runOnlyForDeploymentPostprocessing = 0;
			shellPath = /bin/sh;
			shellScript = "\"${SRCROOT}/Pods/Target Support Files/Pods-MacrosManageriOS/Pods-MacrosManageriOS-frameworks.sh\"\n";
			showEnvVarsInLog = 0;
		};
/* End PBXShellScriptBuildPhase section */

/* Begin PBXSourcesBuildPhase section */
		DB08E8D31F51C7F7007EC05D /* Sources */ = {
			isa = PBXSourcesBuildPhase;
			buildActionMask = 2147483647;
			files = (
				DBE7029A20587BA100C91F69 /* AddFoodViewController.swift in Sources */,
				DBDC1CC71F968093003FE3DD /* DailyActivityTableViewController.swift in Sources */,
				DBDC1CC91F9680B0003FE3DD /* PhysicalActivityLifestyleTableViewController.swift in Sources */,
				DB08E8DD1F51C7F7007EC05D /* DailyIntakeViewController.swift in Sources */,
				DBDC1CCB1F9680BF003FE3DD /* GoalTableViewController.swift in Sources */,
				DBB7C2CC1F55C6C30039E7C5 /* WeightMeasurementTableView.swift in Sources */,
				DB92742B1F7EB7E700165DF0 /* CalculatorViewController.swift in Sources */,
				DB08E8DB1F51C7F7007EC05D /* AppDelegate.swift in Sources */,
				DBAB1BD6204F4E7D0016FFD1 /* DailyFoodTableViewCell.swift in Sources */,
				DBAAF9B2219D036E00539A5E /* SignUpViewController.swift in Sources */,
				DBC9E72A1F7EA5250020FD72 /* BirthDatePickerViewController.swift in Sources */,
				DBAB1BD4204E018B0016FFD1 /* DailyIntakeCollectionViewCell.swift in Sources */,
				DBB7C2CA1F55B7830039E7C5 /* GenderTableViewController.swift in Sources */,
				DBB7C2CE1F55D8830039E7C5 /* HeightMeasurementTableView.swift in Sources */,
				DBB7C2C81F547B010039E7C5 /* SettingsViewController.swift in Sources */,
			);
			runOnlyForDeploymentPostprocessing = 0;
		};
/* End PBXSourcesBuildPhase section */

/* Begin PBXVariantGroup section */
		DB08E8DE1F51C7F7007EC05D /* Main.storyboard */ = {
			isa = PBXVariantGroup;
			children = (
				DB08E8DF1F51C7F7007EC05D /* Base */,
			);
			name = Main.storyboard;
			sourceTree = "<group>";
		};
		DB08E8E31F51C7F7007EC05D /* LaunchScreen.storyboard */ = {
			isa = PBXVariantGroup;
			children = (
				DB08E8E41F51C7F7007EC05D /* Base */,
			);
			name = LaunchScreen.storyboard;
			sourceTree = "<group>";
		};
/* End PBXVariantGroup section */

/* Begin XCBuildConfiguration section */
		DB08E8E71F51C7F7007EC05D /* Debug */ = {
			isa = XCBuildConfiguration;
			buildSettings = {
				ALWAYS_SEARCH_USER_PATHS = NO;
				CLANG_ANALYZER_NONNULL = YES;
				CLANG_ANALYZER_NUMBER_OBJECT_CONVERSION = YES_AGGRESSIVE;
				CLANG_CXX_LANGUAGE_STANDARD = "gnu++0x";
				CLANG_CXX_LIBRARY = "libc++";
				CLANG_ENABLE_MODULES = YES;
				CLANG_ENABLE_OBJC_ARC = YES;
				CLANG_WARN_BLOCK_CAPTURE_AUTORELEASING = YES;
				CLANG_WARN_BOOL_CONVERSION = YES;
				CLANG_WARN_COMMA = YES;
				CLANG_WARN_CONSTANT_CONVERSION = YES;
				CLANG_WARN_DIRECT_OBJC_ISA_USAGE = YES_ERROR;
				CLANG_WARN_DOCUMENTATION_COMMENTS = YES;
				CLANG_WARN_EMPTY_BODY = YES;
				CLANG_WARN_ENUM_CONVERSION = YES;
				CLANG_WARN_INFINITE_RECURSION = YES;
				CLANG_WARN_INT_CONVERSION = YES;
				CLANG_WARN_NON_LITERAL_NULL_CONVERSION = YES;
				CLANG_WARN_OBJC_LITERAL_CONVERSION = YES;
				CLANG_WARN_OBJC_ROOT_CLASS = YES_ERROR;
				CLANG_WARN_RANGE_LOOP_ANALYSIS = YES;
				CLANG_WARN_STRICT_PROTOTYPES = YES;
				CLANG_WARN_SUSPICIOUS_MOVE = YES;
				CLANG_WARN_UNREACHABLE_CODE = YES;
				CLANG_WARN__DUPLICATE_METHOD_MATCH = YES;
				"CODE_SIGN_IDENTITY[sdk=iphoneos*]" = "iPhone Developer";
				COPY_PHASE_STRIP = NO;
				DEBUG_INFORMATION_FORMAT = dwarf;
				ENABLE_STRICT_OBJC_MSGSEND = YES;
				ENABLE_TESTABILITY = YES;
				GCC_C_LANGUAGE_STANDARD = gnu99;
				GCC_DYNAMIC_NO_PIC = NO;
				GCC_NO_COMMON_BLOCKS = YES;
				GCC_OPTIMIZATION_LEVEL = 0;
				GCC_PREPROCESSOR_DEFINITIONS = (
					"DEBUG=1",
					"$(inherited)",
				);
				GCC_WARN_64_TO_32_BIT_CONVERSION = YES;
				GCC_WARN_ABOUT_RETURN_TYPE = YES_ERROR;
				GCC_WARN_UNDECLARED_SELECTOR = YES;
				GCC_WARN_UNINITIALIZED_AUTOS = YES_AGGRESSIVE;
				GCC_WARN_UNUSED_FUNCTION = YES;
				GCC_WARN_UNUSED_VARIABLE = YES;
				IPHONEOS_DEPLOYMENT_TARGET = 10.3;
				MTL_ENABLE_DEBUG_INFO = YES;
				ONLY_ACTIVE_ARCH = YES;
				SDKROOT = iphoneos;
				SWIFT_ACTIVE_COMPILATION_CONDITIONS = DEBUG;
				SWIFT_OPTIMIZATION_LEVEL = "-Onone";
				TARGETED_DEVICE_FAMILY = "1,2";
			};
			name = Debug;
		};
		DB08E8E81F51C7F7007EC05D /* Release */ = {
			isa = XCBuildConfiguration;
			buildSettings = {
				ALWAYS_SEARCH_USER_PATHS = NO;
				CLANG_ANALYZER_NONNULL = YES;
				CLANG_ANALYZER_NUMBER_OBJECT_CONVERSION = YES_AGGRESSIVE;
				CLANG_CXX_LANGUAGE_STANDARD = "gnu++0x";
				CLANG_CXX_LIBRARY = "libc++";
				CLANG_ENABLE_MODULES = YES;
				CLANG_ENABLE_OBJC_ARC = YES;
				CLANG_WARN_BLOCK_CAPTURE_AUTORELEASING = YES;
				CLANG_WARN_BOOL_CONVERSION = YES;
				CLANG_WARN_COMMA = YES;
				CLANG_WARN_CONSTANT_CONVERSION = YES;
				CLANG_WARN_DIRECT_OBJC_ISA_USAGE = YES_ERROR;
				CLANG_WARN_DOCUMENTATION_COMMENTS = YES;
				CLANG_WARN_EMPTY_BODY = YES;
				CLANG_WARN_ENUM_CONVERSION = YES;
				CLANG_WARN_INFINITE_RECURSION = YES;
				CLANG_WARN_INT_CONVERSION = YES;
				CLANG_WARN_NON_LITERAL_NULL_CONVERSION = YES;
				CLANG_WARN_OBJC_LITERAL_CONVERSION = YES;
				CLANG_WARN_OBJC_ROOT_CLASS = YES_ERROR;
				CLANG_WARN_RANGE_LOOP_ANALYSIS = YES;
				CLANG_WARN_STRICT_PROTOTYPES = YES;
				CLANG_WARN_SUSPICIOUS_MOVE = YES;
				CLANG_WARN_UNREACHABLE_CODE = YES;
				CLANG_WARN__DUPLICATE_METHOD_MATCH = YES;
				"CODE_SIGN_IDENTITY[sdk=iphoneos*]" = "iPhone Developer";
				COPY_PHASE_STRIP = NO;
				DEBUG_INFORMATION_FORMAT = "dwarf-with-dsym";
				ENABLE_NS_ASSERTIONS = NO;
				ENABLE_STRICT_OBJC_MSGSEND = YES;
				GCC_C_LANGUAGE_STANDARD = gnu99;
				GCC_NO_COMMON_BLOCKS = YES;
				GCC_WARN_64_TO_32_BIT_CONVERSION = YES;
				GCC_WARN_ABOUT_RETURN_TYPE = YES_ERROR;
				GCC_WARN_UNDECLARED_SELECTOR = YES;
				GCC_WARN_UNINITIALIZED_AUTOS = YES_AGGRESSIVE;
				GCC_WARN_UNUSED_FUNCTION = YES;
				GCC_WARN_UNUSED_VARIABLE = YES;
				IPHONEOS_DEPLOYMENT_TARGET = 10.3;
				MTL_ENABLE_DEBUG_INFO = NO;
				SDKROOT = iphoneos;
				SWIFT_OPTIMIZATION_LEVEL = "-Owholemodule";
				TARGETED_DEVICE_FAMILY = "1,2";
				VALIDATE_PRODUCT = YES;
			};
			name = Release;
		};
		DB08E8EA1F51C7F7007EC05D /* Debug */ = {
			isa = XCBuildConfiguration;
			baseConfigurationReference = 98CC9C2E75BC7DFD52C68E5D /* Pods-MacrosManageriOS.debug.xcconfig */;
			buildSettings = {
				ASSETCATALOG_COMPILER_APPICON_NAME = AppIcon;
				DEVELOPMENT_TEAM = VG3AW43EZ3;
				INFOPLIST_FILE = MacrosManageriOS/Info.plist;
				IPHONEOS_DEPLOYMENT_TARGET = 10.0;
				LD_RUNPATH_SEARCH_PATHS = "$(inherited) @executable_path/Frameworks";
				PRODUCT_BUNDLE_IDENTIFIER = com.cuinsolutions.MacrosManager;
				PRODUCT_NAME = "$(TARGET_NAME)";
				SWIFT_SWIFT3_OBJC_INFERENCE = On;
				SWIFT_VERSION = 4.0;
			};
			name = Debug;
		};
		DB08E8EB1F51C7F7007EC05D /* Release */ = {
			isa = XCBuildConfiguration;
			baseConfigurationReference = EF6FE98D313E91EF24A7E2F6 /* Pods-MacrosManageriOS.release.xcconfig */;
			buildSettings = {
				ASSETCATALOG_COMPILER_APPICON_NAME = AppIcon;
				DEVELOPMENT_TEAM = VG3AW43EZ3;
				INFOPLIST_FILE = MacrosManageriOS/Info.plist;
				IPHONEOS_DEPLOYMENT_TARGET = 10.0;
				LD_RUNPATH_SEARCH_PATHS = "$(inherited) @executable_path/Frameworks";
				PRODUCT_BUNDLE_IDENTIFIER = com.cuinsolutions.MacrosManager;
				PRODUCT_NAME = "$(TARGET_NAME)";
				SWIFT_SWIFT3_OBJC_INFERENCE = On;
				SWIFT_VERSION = 4.0;
			};
			name = Release;
		};
/* End XCBuildConfiguration section */

/* Begin XCConfigurationList section */
		DB08E8D21F51C7F7007EC05D /* Build configuration list for PBXProject "MacrosManageriOS" */ = {
			isa = XCConfigurationList;
			buildConfigurations = (
				DB08E8E71F51C7F7007EC05D /* Debug */,
				DB08E8E81F51C7F7007EC05D /* Release */,
			);
			defaultConfigurationIsVisible = 0;
			defaultConfigurationName = Release;
		};
		DB08E8E91F51C7F7007EC05D /* Build configuration list for PBXNativeTarget "MacrosManageriOS" */ = {
			isa = XCConfigurationList;
			buildConfigurations = (
				DB08E8EA1F51C7F7007EC05D /* Debug */,
				DB08E8EB1F51C7F7007EC05D /* Release */,
			);
			defaultConfigurationIsVisible = 0;
			defaultConfigurationName = Release;
		};
/* End XCConfigurationList section */
	};
	rootObject = DB08E8CF1F51C7F7007EC05D /* Project object */;
}
